// !$*UTF8*$!
{
	archiveVersion = 1;
	classes = {
	};
	objectVersion = 50;
	objects = {

/* Begin PBXBuildFile section */
		8801CF78221F22EF004781C1 /* GaiaProposalController.swift in Sources */ = {isa = PBXBuildFile; fileRef = 8801CF77221F22EF004781C1 /* GaiaProposalController.swift */; };
		8801CF7A2221921A004781C1 /* GaiaHistoryController.swift in Sources */ = {isa = PBXBuildFile; fileRef = 8801CF792221921A004781C1 /* GaiaHistoryController.swift */; };
		8801CF7C2221923D004781C1 /* GaiaHistoryCell.swift in Sources */ = {isa = PBXBuildFile; fileRef = 8801CF7B2221923D004781C1 /* GaiaHistoryCell.swift */; };
		8801CF7E222273D9004781C1 /* GaiaDelegationsController.swift in Sources */ = {isa = PBXBuildFile; fileRef = 8801CF7D222273D9004781C1 /* GaiaDelegationsController.swift */; };
		88677FFB21E9C54A0022A09E /* AppDelegate.swift in Sources */ = {isa = PBXBuildFile; fileRef = 88677FFA21E9C54A0022A09E /* AppDelegate.swift */; };
		8867800021E9C54A0022A09E /* Main.storyboard in Resources */ = {isa = PBXBuildFile; fileRef = 88677FFE21E9C54A0022A09E /* Main.storyboard */; };
		8867800221E9C54D0022A09E /* Assets.xcassets in Resources */ = {isa = PBXBuildFile; fileRef = 8867800121E9C54D0022A09E /* Assets.xcassets */; };
		8867800521E9C54D0022A09E /* LaunchScreen.storyboard in Resources */ = {isa = PBXBuildFile; fileRef = 8867800321E9C54D0022A09E /* LaunchScreen.storyboard */; };
		8867800D21E9C6A00022A09E /* GaiaKeysController.swift in Sources */ = {isa = PBXBuildFile; fileRef = 8867800C21E9C6A00022A09E /* GaiaKeysController.swift */; };
		8869753F21E9CAD000044EB8 /* background.html in Resources */ = {isa = PBXBuildFile; fileRef = 8869752521E9CACF00044EB8 /* background.html */; };
		8869754021E9CAD000044EB8 /* style.css in Resources */ = {isa = PBXBuildFile; fileRef = 8869752721E9CACF00044EB8 /* style.css */; };
		8869754121E9CAD000044EB8 /* index.js in Resources */ = {isa = PBXBuildFile; fileRef = 8869752921E9CACF00044EB8 /* index.js */; };
		8869754221E9CAD000044EB8 /* particles.min.js in Resources */ = {isa = PBXBuildFile; fileRef = 8869752A21E9CACF00044EB8 /* particles.min.js */; };
		8869754321E9CAD000044EB8 /* CenteringFlowLayout.swift in Sources */ = {isa = PBXBuildFile; fileRef = 8869752B21E9CACF00044EB8 /* CenteringFlowLayout.swift */; };
		8869754421E9CAD000044EB8 /* SimpleWebView.storyboard in Resources */ = {isa = PBXBuildFile; fileRef = 8869752D21E9CACF00044EB8 /* SimpleWebView.storyboard */; };
		8869754521E9CAD000044EB8 /* SimpleWebView.swift in Sources */ = {isa = PBXBuildFile; fileRef = 8869752F21E9CACF00044EB8 /* SimpleWebView.swift */; };
		8869754621E9CAD000044EB8 /* SimpleWebView.storyboard in Resources */ = {isa = PBXBuildFile; fileRef = 8869753021E9CACF00044EB8 /* SimpleWebView.storyboard */; };
		8869754721E9CAD000044EB8 /* CustomLoadingView.swift in Sources */ = {isa = PBXBuildFile; fileRef = 8869753221E9CACF00044EB8 /* CustomLoadingView.swift */; };
		8869754821E9CAD000044EB8 /* CustomTabBar.swift in Sources */ = {isa = PBXBuildFile; fileRef = 8869753321E9CACF00044EB8 /* CustomTabBar.swift */; };
		8869754921E9CAD000044EB8 /* CustomTabBarItem.swift in Sources */ = {isa = PBXBuildFile; fileRef = 8869753421E9CACF00044EB8 /* CustomTabBarItem.swift */; };
		8869754D21E9CAD000044EB8 /* RichTextFieldView.swift in Sources */ = {isa = PBXBuildFile; fileRef = 8869753921E9CACF00044EB8 /* RichTextFieldView.swift */; };
		8869754E21E9CAD000044EB8 /* RoundedButton.swift in Sources */ = {isa = PBXBuildFile; fileRef = 8869753A21E9CACF00044EB8 /* RoundedButton.swift */; };
		8869754F21E9CAD000044EB8 /* RoundedView.swift in Sources */ = {isa = PBXBuildFile; fileRef = 8869753B21E9CACF00044EB8 /* RoundedView.swift */; };
		8869755021E9CAD000044EB8 /* ToastAlertView.swift in Sources */ = {isa = PBXBuildFile; fileRef = 8869753D21E9CACF00044EB8 /* ToastAlertView.swift */; };
		8869755121E9CAD000044EB8 /* ToastAlertView.xib in Resources */ = {isa = PBXBuildFile; fileRef = 8869753E21E9CACF00044EB8 /* ToastAlertView.xib */; };
		8869755321E9CB6700044EB8 /* UIColor+extensions.swift in Sources */ = {isa = PBXBuildFile; fileRef = 8869755221E9CB6700044EB8 /* UIColor+extensions.swift */; };
		8869755521E9CBAE00044EB8 /* UIView+extensions.swift in Sources */ = {isa = PBXBuildFile; fileRef = 8869755421E9CBAE00044EB8 /* UIView+extensions.swift */; };
		8869755C21E9CC1600044EB8 /* CosmosRestApi.framework in Frameworks */ = {isa = PBXBuildFile; fileRef = 8869755B21E9CC1600044EB8 /* CosmosRestApi.framework */; };
		8869755D21E9CC1600044EB8 /* CosmosRestApi.framework in Embed Frameworks */ = {isa = PBXBuildFile; fileRef = 8869755B21E9CC1600044EB8 /* CosmosRestApi.framework */; settings = {ATTRIBUTES = (CodeSignOnCopy, RemoveHeadersOnCopy, ); }; };
		8869756121E9DD3900044EB8 /* Templates.storyboard in Resources */ = {isa = PBXBuildFile; fileRef = 8869756021E9DD3900044EB8 /* Templates.storyboard */; };
		8869756321E9DDE600044EB8 /* TemplateController.swift in Sources */ = {isa = PBXBuildFile; fileRef = 8869756221E9DDE600044EB8 /* TemplateController.swift */; };
		8869756521E9DE8500044EB8 /* CellStateRoundedView.swift in Sources */ = {isa = PBXBuildFile; fileRef = 8869756421E9DE8500044EB8 /* CellStateRoundedView.swift */; };
		8869756721E9E50100044EB8 /* Template1Cell.swift in Sources */ = {isa = PBXBuildFile; fileRef = 8869756621E9E50100044EB8 /* Template1Cell.swift */; };
		8869756921E9E5D600044EB8 /* Template1HeaderCell.swift in Sources */ = {isa = PBXBuildFile; fileRef = 8869756821E9E5D600044EB8 /* Template1HeaderCell.swift */; };
		8869756C21E9F61F00044EB8 /* TemplateCollectController.swift in Sources */ = {isa = PBXBuildFile; fileRef = 8869756B21E9F61F00044EB8 /* TemplateCollectController.swift */; };
		8869756E21EA0DBB00044EB8 /* GaiaNodesController.swift in Sources */ = {isa = PBXBuildFile; fileRef = 8869756D21EA0DBB00044EB8 /* GaiaNodesController.swift */; };
		8869757021EA105300044EB8 /* GaiaNodeController.swift in Sources */ = {isa = PBXBuildFile; fileRef = 8869756F21EA105300044EB8 /* GaiaNodeController.swift */; };
		8869757221EA173000044EB8 /* GaiaNodeCell.swift in Sources */ = {isa = PBXBuildFile; fileRef = 8869757121EA173000044EB8 /* GaiaNodeCell.swift */; };
		8869757421EA1B7E00044EB8 /* GaiaNodeHeaderCell.swift in Sources */ = {isa = PBXBuildFile; fileRef = 8869757321EA1B7E00044EB8 /* GaiaNodeHeaderCell.swift */; };
		8869757721EB05B100044EB8 /* GaiaKeyCell.swift in Sources */ = {isa = PBXBuildFile; fileRef = 8869757621EB05B100044EB8 /* GaiaKeyCell.swift */; };
		8869757921EB05C700044EB8 /* GaiaKeyHeaderCell.swift in Sources */ = {isa = PBXBuildFile; fileRef = 8869757821EB05C700044EB8 /* GaiaKeyHeaderCell.swift */; };
		88A3F253224D4C7600BAEEE8 /* GaiaVotesController.swift in Sources */ = {isa = PBXBuildFile; fileRef = 88A3F252224D4C7600BAEEE8 /* GaiaVotesController.swift */; };
		88A8B7E722464236004F0B82 /* LocalClient.swift in Sources */ = {isa = PBXBuildFile; fileRef = 88A8B7E622464236004F0B82 /* LocalClient.swift */; };
		EE2D63DE21ECEF690002D51D /* GaiaKeyController.swift in Sources */ = {isa = PBXBuildFile; fileRef = EE2D63DD21ECEF690002D51D /* GaiaKeyController.swift */; };
		EE2D63E021ECF6AF0002D51D /* GaiaWalletController.swift in Sources */ = {isa = PBXBuildFile; fileRef = EE2D63DF21ECF6AF0002D51D /* GaiaWalletController.swift */; };
		EE2D63E221ECF7770002D51D /* GaiaValidatorsController.swift in Sources */ = {isa = PBXBuildFile; fileRef = EE2D63E121ECF7760002D51D /* GaiaValidatorsController.swift */; };
		EE2D63E421ECF9440002D51D /* GaiaGovernanceController.swift in Sources */ = {isa = PBXBuildFile; fileRef = EE2D63E321ECF9440002D51D /* GaiaGovernanceController.swift */; };
		EE2D63E621ECFA730002D51D /* GaiaSettingsController.swift in Sources */ = {isa = PBXBuildFile; fileRef = EE2D63E521ECFA730002D51D /* GaiaSettingsController.swift */; };
		EE2D63E821EDAB270002D51D /* UViewController+extensions.swift in Sources */ = {isa = PBXBuildFile; fileRef = EE2D63E721EDAB270002D51D /* UViewController+extensions.swift */; };
		EE2D63ED21EDCFD30002D51D /* GaiaKeyCreateController.swift in Sources */ = {isa = PBXBuildFile; fileRef = EE2D63EC21EDCFD30002D51D /* GaiaKeyCreateController.swift */; };
		EE2D643C21F306800002D51D /* UIImage+Extensions.swift in Sources */ = {isa = PBXBuildFile; fileRef = EE2D643B21F306800002D51D /* UIImage+Extensions.swift */; };
		EEAE3E6923A7824700A336FA /* GaiaConstants.swift in Sources */ = {isa = PBXBuildFile; fileRef = EEAE3E6823A7824700A336FA /* GaiaConstants.swift */; };
		EEAE3E6B23AA8DEA00A336FA /* Onboarding.storyboard in Resources */ = {isa = PBXBuildFile; fileRef = EEAE3E6A23AA8DEA00A336FA /* Onboarding.storyboard */; };
		EEAFBF6221F4678D001B01EA /* Addressbook.storyboard in Resources */ = {isa = PBXBuildFile; fileRef = EEAFBF5C21F4678D001B01EA /* Addressbook.storyboard */; };
		EEAFBF6321F4678D001B01EA /* AddressController.swift in Sources */ = {isa = PBXBuildFile; fileRef = EEAFBF5F21F4678D001B01EA /* AddressController.swift */; };
		EEAFBF6421F4678D001B01EA /* AddressesListController.swift in Sources */ = {isa = PBXBuildFile; fileRef = EEAFBF6021F4678D001B01EA /* AddressesListController.swift */; };
		EEBDFBF6237DB9C900079F38 /* TendermintSigner.framework in Frameworks */ = {isa = PBXBuildFile; fileRef = EEBDFBF5237DB9C900079F38 /* TendermintSigner.framework */; };
		EEBDFBF7237DB9C900079F38 /* TendermintSigner.framework in Embed Frameworks */ = {isa = PBXBuildFile; fileRef = EEBDFBF5237DB9C900079F38 /* TendermintSigner.framework */; settings = {ATTRIBUTES = (CodeSignOnCopy, RemoveHeadersOnCopy, ); }; };
		EEBDFC2323801E0400079F38 /* GaiaOraclesController.swift in Sources */ = {isa = PBXBuildFile; fileRef = EEBDFC2223801E0400079F38 /* GaiaOraclesController.swift */; };
		EED0718B2380413600B01E25 /* CloudKit.framework in Frameworks */ = {isa = PBXBuildFile; fileRef = EED0718A2380413600B01E25 /* CloudKit.framework */; };
		EEE87A7621F8521B00CA9CDA /* GaiaValidatorCell.swift in Sources */ = {isa = PBXBuildFile; fileRef = EEE87A7521F8521B00CA9CDA /* GaiaValidatorCell.swift */; };
		EEE87A7821F860BD00CA9CDA /* GaiaGovernanceCell.swift in Sources */ = {isa = PBXBuildFile; fileRef = EEE87A7721F860BD00CA9CDA /* GaiaGovernanceCell.swift */; };
/* End PBXBuildFile section */

/* Begin PBXCopyFilesBuildPhase section */
		8869755921E9CBE300044EB8 /* Embed Frameworks */ = {
			isa = PBXCopyFilesBuildPhase;
			buildActionMask = 2147483647;
			dstPath = "";
			dstSubfolderSpec = 10;
			files = (
				EEBDFBF7237DB9C900079F38 /* TendermintSigner.framework in Embed Frameworks */,
				8869755D21E9CC1600044EB8 /* CosmosRestApi.framework in Embed Frameworks */,
			);
			name = "Embed Frameworks";
			runOnlyForDeploymentPostprocessing = 0;
		};
/* End PBXCopyFilesBuildPhase section */

/* Begin PBXFileReference section */
		8801CF77221F22EF004781C1 /* GaiaProposalController.swift */ = {isa = PBXFileReference; lastKnownFileType = sourcecode.swift; path = GaiaProposalController.swift; sourceTree = "<group>"; };
		8801CF792221921A004781C1 /* GaiaHistoryController.swift */ = {isa = PBXFileReference; lastKnownFileType = sourcecode.swift; path = GaiaHistoryController.swift; sourceTree = "<group>"; };
		8801CF7B2221923D004781C1 /* GaiaHistoryCell.swift */ = {isa = PBXFileReference; lastKnownFileType = sourcecode.swift; path = GaiaHistoryCell.swift; sourceTree = "<group>"; };
		8801CF7D222273D9004781C1 /* GaiaDelegationsController.swift */ = {isa = PBXFileReference; lastKnownFileType = sourcecode.swift; path = GaiaDelegationsController.swift; sourceTree = "<group>"; };
		88677FF721E9C54A0022A09E /* T-Stake.app */ = {isa = PBXFileReference; explicitFileType = wrapper.application; includeInIndex = 0; path = "T-Stake.app"; sourceTree = BUILT_PRODUCTS_DIR; };
		88677FFA21E9C54A0022A09E /* AppDelegate.swift */ = {isa = PBXFileReference; lastKnownFileType = sourcecode.swift; path = AppDelegate.swift; sourceTree = "<group>"; };
		88677FFF21E9C54A0022A09E /* Base */ = {isa = PBXFileReference; lastKnownFileType = file.storyboard; name = Base; path = Base.lproj/Main.storyboard; sourceTree = "<group>"; };
		8867800121E9C54D0022A09E /* Assets.xcassets */ = {isa = PBXFileReference; lastKnownFileType = folder.assetcatalog; path = Assets.xcassets; sourceTree = "<group>"; };
		8867800421E9C54D0022A09E /* Base */ = {isa = PBXFileReference; lastKnownFileType = file.storyboard; name = Base; path = Base.lproj/LaunchScreen.storyboard; sourceTree = "<group>"; };
		8867800621E9C54D0022A09E /* Info.plist */ = {isa = PBXFileReference; lastKnownFileType = text.plist.xml; path = Info.plist; sourceTree = "<group>"; };
		8867800C21E9C6A00022A09E /* GaiaKeysController.swift */ = {isa = PBXFileReference; fileEncoding = 4; lastKnownFileType = sourcecode.swift; path = GaiaKeysController.swift; sourceTree = "<group>"; };
		8869752521E9CACF00044EB8 /* background.html */ = {isa = PBXFileReference; fileEncoding = 4; lastKnownFileType = text.html; path = background.html; sourceTree = "<group>"; };
		8869752721E9CACF00044EB8 /* style.css */ = {isa = PBXFileReference; fileEncoding = 4; lastKnownFileType = text.css; path = style.css; sourceTree = "<group>"; };
		8869752921E9CACF00044EB8 /* index.js */ = {isa = PBXFileReference; fileEncoding = 4; lastKnownFileType = sourcecode.javascript; path = index.js; sourceTree = "<group>"; };
		8869752A21E9CACF00044EB8 /* particles.min.js */ = {isa = PBXFileReference; fileEncoding = 4; lastKnownFileType = sourcecode.javascript; path = particles.min.js; sourceTree = "<group>"; };
		8869752B21E9CACF00044EB8 /* CenteringFlowLayout.swift */ = {isa = PBXFileReference; fileEncoding = 4; lastKnownFileType = sourcecode.swift; path = CenteringFlowLayout.swift; sourceTree = "<group>"; };
		8869752E21E9CACF00044EB8 /* Base */ = {isa = PBXFileReference; lastKnownFileType = file.storyboard; name = Base; path = Base.lproj/SimpleWebView.storyboard; sourceTree = "<group>"; };
		8869752F21E9CACF00044EB8 /* SimpleWebView.swift */ = {isa = PBXFileReference; fileEncoding = 4; lastKnownFileType = sourcecode.swift; path = SimpleWebView.swift; sourceTree = "<group>"; };
		8869753021E9CACF00044EB8 /* SimpleWebView.storyboard */ = {isa = PBXFileReference; fileEncoding = 4; lastKnownFileType = file.storyboard; path = SimpleWebView.storyboard; sourceTree = "<group>"; };
		8869753221E9CACF00044EB8 /* CustomLoadingView.swift */ = {isa = PBXFileReference; fileEncoding = 4; lastKnownFileType = sourcecode.swift; path = CustomLoadingView.swift; sourceTree = "<group>"; };
		8869753321E9CACF00044EB8 /* CustomTabBar.swift */ = {isa = PBXFileReference; fileEncoding = 4; lastKnownFileType = sourcecode.swift; path = CustomTabBar.swift; sourceTree = "<group>"; };
		8869753421E9CACF00044EB8 /* CustomTabBarItem.swift */ = {isa = PBXFileReference; fileEncoding = 4; lastKnownFileType = sourcecode.swift; path = CustomTabBarItem.swift; sourceTree = "<group>"; };
		8869753921E9CACF00044EB8 /* RichTextFieldView.swift */ = {isa = PBXFileReference; fileEncoding = 4; lastKnownFileType = sourcecode.swift; path = RichTextFieldView.swift; sourceTree = "<group>"; };
		8869753A21E9CACF00044EB8 /* RoundedButton.swift */ = {isa = PBXFileReference; fileEncoding = 4; lastKnownFileType = sourcecode.swift; path = RoundedButton.swift; sourceTree = "<group>"; };
		8869753B21E9CACF00044EB8 /* RoundedView.swift */ = {isa = PBXFileReference; fileEncoding = 4; lastKnownFileType = sourcecode.swift; path = RoundedView.swift; sourceTree = "<group>"; };
		8869753D21E9CACF00044EB8 /* ToastAlertView.swift */ = {isa = PBXFileReference; fileEncoding = 4; lastKnownFileType = sourcecode.swift; path = ToastAlertView.swift; sourceTree = "<group>"; };
		8869753E21E9CACF00044EB8 /* ToastAlertView.xib */ = {isa = PBXFileReference; fileEncoding = 4; lastKnownFileType = file.xib; path = ToastAlertView.xib; sourceTree = "<group>"; };
		8869755221E9CB6700044EB8 /* UIColor+extensions.swift */ = {isa = PBXFileReference; fileEncoding = 4; lastKnownFileType = sourcecode.swift; path = "UIColor+extensions.swift"; sourceTree = "<group>"; };
		8869755421E9CBAE00044EB8 /* UIView+extensions.swift */ = {isa = PBXFileReference; fileEncoding = 4; lastKnownFileType = sourcecode.swift; path = "UIView+extensions.swift"; sourceTree = "<group>"; };
		8869755B21E9CC1600044EB8 /* CosmosRestApi.framework */ = {isa = PBXFileReference; explicitFileType = wrapper.framework; path = CosmosRestApi.framework; sourceTree = BUILT_PRODUCTS_DIR; };
		8869756021E9DD3900044EB8 /* Templates.storyboard */ = {isa = PBXFileReference; lastKnownFileType = file.storyboard; path = Templates.storyboard; sourceTree = "<group>"; };
		8869756221E9DDE600044EB8 /* TemplateController.swift */ = {isa = PBXFileReference; lastKnownFileType = sourcecode.swift; path = TemplateController.swift; sourceTree = "<group>"; };
		8869756421E9DE8500044EB8 /* CellStateRoundedView.swift */ = {isa = PBXFileReference; fileEncoding = 4; lastKnownFileType = sourcecode.swift; path = CellStateRoundedView.swift; sourceTree = "<group>"; };
		8869756621E9E50100044EB8 /* Template1Cell.swift */ = {isa = PBXFileReference; lastKnownFileType = sourcecode.swift; path = Template1Cell.swift; sourceTree = "<group>"; };
		8869756821E9E5D600044EB8 /* Template1HeaderCell.swift */ = {isa = PBXFileReference; lastKnownFileType = sourcecode.swift; path = Template1HeaderCell.swift; sourceTree = "<group>"; };
		8869756B21E9F61F00044EB8 /* TemplateCollectController.swift */ = {isa = PBXFileReference; lastKnownFileType = sourcecode.swift; path = TemplateCollectController.swift; sourceTree = "<group>"; };
		8869756D21EA0DBB00044EB8 /* GaiaNodesController.swift */ = {isa = PBXFileReference; lastKnownFileType = sourcecode.swift; path = GaiaNodesController.swift; sourceTree = "<group>"; };
		8869756F21EA105300044EB8 /* GaiaNodeController.swift */ = {isa = PBXFileReference; lastKnownFileType = sourcecode.swift; path = GaiaNodeController.swift; sourceTree = "<group>"; };
		8869757121EA173000044EB8 /* GaiaNodeCell.swift */ = {isa = PBXFileReference; lastKnownFileType = sourcecode.swift; path = GaiaNodeCell.swift; sourceTree = "<group>"; };
		8869757321EA1B7E00044EB8 /* GaiaNodeHeaderCell.swift */ = {isa = PBXFileReference; lastKnownFileType = sourcecode.swift; path = GaiaNodeHeaderCell.swift; sourceTree = "<group>"; };
		8869757521EA64EB00044EB8 /* Cosmos Client.entitlements */ = {isa = PBXFileReference; lastKnownFileType = text.plist.entitlements; path = "Cosmos Client.entitlements"; sourceTree = "<group>"; };
		8869757621EB05B100044EB8 /* GaiaKeyCell.swift */ = {isa = PBXFileReference; lastKnownFileType = sourcecode.swift; path = GaiaKeyCell.swift; sourceTree = "<group>"; };
		8869757821EB05C700044EB8 /* GaiaKeyHeaderCell.swift */ = {isa = PBXFileReference; lastKnownFileType = sourcecode.swift; path = GaiaKeyHeaderCell.swift; sourceTree = "<group>"; };
		88A3F252224D4C7600BAEEE8 /* GaiaVotesController.swift */ = {isa = PBXFileReference; lastKnownFileType = sourcecode.swift; path = GaiaVotesController.swift; sourceTree = "<group>"; };
		88A8B7E622464236004F0B82 /* LocalClient.swift */ = {isa = PBXFileReference; lastKnownFileType = sourcecode.swift; path = LocalClient.swift; sourceTree = "<group>"; };
		EE2D63DD21ECEF690002D51D /* GaiaKeyController.swift */ = {isa = PBXFileReference; lastKnownFileType = sourcecode.swift; path = GaiaKeyController.swift; sourceTree = "<group>"; };
		EE2D63DF21ECF6AF0002D51D /* GaiaWalletController.swift */ = {isa = PBXFileReference; lastKnownFileType = sourcecode.swift; path = GaiaWalletController.swift; sourceTree = "<group>"; };
		EE2D63E121ECF7760002D51D /* GaiaValidatorsController.swift */ = {isa = PBXFileReference; lastKnownFileType = sourcecode.swift; path = GaiaValidatorsController.swift; sourceTree = "<group>"; };
		EE2D63E321ECF9440002D51D /* GaiaGovernanceController.swift */ = {isa = PBXFileReference; lastKnownFileType = sourcecode.swift; path = GaiaGovernanceController.swift; sourceTree = "<group>"; };
		EE2D63E521ECFA730002D51D /* GaiaSettingsController.swift */ = {isa = PBXFileReference; lastKnownFileType = sourcecode.swift; path = GaiaSettingsController.swift; sourceTree = "<group>"; };
		EE2D63E721EDAB270002D51D /* UViewController+extensions.swift */ = {isa = PBXFileReference; lastKnownFileType = sourcecode.swift; path = "UViewController+extensions.swift"; sourceTree = "<group>"; };
		EE2D63EC21EDCFD30002D51D /* GaiaKeyCreateController.swift */ = {isa = PBXFileReference; lastKnownFileType = sourcecode.swift; path = GaiaKeyCreateController.swift; sourceTree = "<group>"; };
		EE2D643B21F306800002D51D /* UIImage+Extensions.swift */ = {isa = PBXFileReference; lastKnownFileType = sourcecode.swift; path = "UIImage+Extensions.swift"; sourceTree = "<group>"; };
		EEAE3E6823A7824700A336FA /* GaiaConstants.swift */ = {isa = PBXFileReference; lastKnownFileType = sourcecode.swift; path = GaiaConstants.swift; sourceTree = "<group>"; };
		EEAE3E6A23AA8DEA00A336FA /* Onboarding.storyboard */ = {isa = PBXFileReference; lastKnownFileType = file.storyboard; path = Onboarding.storyboard; sourceTree = "<group>"; };
		EEAFBF5D21F4678D001B01EA /* Base */ = {isa = PBXFileReference; lastKnownFileType = file.storyboard; name = Base; path = Base.lproj/Addressbook.storyboard; sourceTree = "<group>"; };
		EEAFBF5F21F4678D001B01EA /* AddressController.swift */ = {isa = PBXFileReference; fileEncoding = 4; lastKnownFileType = sourcecode.swift; path = AddressController.swift; sourceTree = "<group>"; };
		EEAFBF6021F4678D001B01EA /* AddressesListController.swift */ = {isa = PBXFileReference; fileEncoding = 4; lastKnownFileType = sourcecode.swift; path = AddressesListController.swift; sourceTree = "<group>"; };
		EEBDFBF5237DB9C900079F38 /* TendermintSigner.framework */ = {isa = PBXFileReference; explicitFileType = wrapper.framework; path = TendermintSigner.framework; sourceTree = BUILT_PRODUCTS_DIR; };
		EEBDFC2223801E0400079F38 /* GaiaOraclesController.swift */ = {isa = PBXFileReference; lastKnownFileType = sourcecode.swift; path = GaiaOraclesController.swift; sourceTree = "<group>"; };
		EED0718A2380413600B01E25 /* CloudKit.framework */ = {isa = PBXFileReference; lastKnownFileType = wrapper.framework; name = CloudKit.framework; path = System/Library/Frameworks/CloudKit.framework; sourceTree = SDKROOT; };
		EEE87A7521F8521B00CA9CDA /* GaiaValidatorCell.swift */ = {isa = PBXFileReference; lastKnownFileType = sourcecode.swift; path = GaiaValidatorCell.swift; sourceTree = "<group>"; };
		EEE87A7721F860BD00CA9CDA /* GaiaGovernanceCell.swift */ = {isa = PBXFileReference; lastKnownFileType = sourcecode.swift; path = GaiaGovernanceCell.swift; sourceTree = "<group>"; };
/* End PBXFileReference section */

/* Begin PBXFrameworksBuildPhase section */
		88677FF421E9C54A0022A09E /* Frameworks */ = {
			isa = PBXFrameworksBuildPhase;
			buildActionMask = 2147483647;
			files = (
				EED0718B2380413600B01E25 /* CloudKit.framework in Frameworks */,
				8869755C21E9CC1600044EB8 /* CosmosRestApi.framework in Frameworks */,
				EEBDFBF6237DB9C900079F38 /* TendermintSigner.framework in Frameworks */,
			);
			runOnlyForDeploymentPostprocessing = 0;
		};
/* End PBXFrameworksBuildPhase section */

/* Begin PBXGroup section */
		18E236D3CFC8FD249FA626C1 /* Frameworks */ = {
			isa = PBXGroup;
			children = (
				EED0718A2380413600B01E25 /* CloudKit.framework */,
				EEBDFBF5237DB9C900079F38 /* TendermintSigner.framework */,
			);
			name = Frameworks;
			sourceTree = "<group>";
		};
		88677FEE21E9C54A0022A09E = {
			isa = PBXGroup;
			children = (
				88677FF921E9C54A0022A09E /* Cosmos Client */,
				88677FF821E9C54A0022A09E /* Products */,
				8869755B21E9CC1600044EB8 /* CosmosRestApi.framework */,
				18E236D3CFC8FD249FA626C1 /* Frameworks */,
			);
			sourceTree = "<group>";
		};
		88677FF821E9C54A0022A09E /* Products */ = {
			isa = PBXGroup;
			children = (
				88677FF721E9C54A0022A09E /* T-Stake.app */,
			);
			name = Products;
			sourceTree = "<group>";
		};
		88677FF921E9C54A0022A09E /* Cosmos Client */ = {
			isa = PBXGroup;
			children = (
				88677FFA21E9C54A0022A09E /* AppDelegate.swift */,
				88A8B7E622464236004F0B82 /* LocalClient.swift */,
				8869757521EA64EB00044EB8 /* Cosmos Client.entitlements */,
				EE2D63E921EDC5850002D51D /* Nodes */,
				EE2D63EA21EDC5900002D51D /* Keys */,
				EE2D63EB21EDC5A70002D51D /* Main App */,
				EEAFBF5A21F4678D001B01EA /* Wallets */,
				88677FFE21E9C54A0022A09E /* Main.storyboard */,
				EEAE3E6A23AA8DEA00A336FA /* Onboarding.storyboard */,
				8869752321E9CACF00044EB8 /* UI elements */,
				8867800121E9C54D0022A09E /* Assets.xcassets */,
				8867800321E9C54D0022A09E /* LaunchScreen.storyboard */,
				8867800621E9C54D0022A09E /* Info.plist */,
			);
			path = "Cosmos Client";
			sourceTree = "<group>";
		};
		8869752321E9CACF00044EB8 /* UI elements */ = {
			isa = PBXGroup;
			children = (
				8869756A21E9F1C100044EB8 /* Templates */,
				8869752421E9CACF00044EB8 /* Background Particles */,
				8869752C21E9CACF00044EB8 /* SimpleWebView */,
				8869755421E9CBAE00044EB8 /* UIView+extensions.swift */,
				EE2D63E721EDAB270002D51D /* UViewController+extensions.swift */,
				8869755221E9CB6700044EB8 /* UIColor+extensions.swift */,
				EE2D643B21F306800002D51D /* UIImage+Extensions.swift */,
				8869752B21E9CACF00044EB8 /* CenteringFlowLayout.swift */,
				8869753021E9CACF00044EB8 /* SimpleWebView.storyboard */,
				8869753121E9CACF00044EB8 /* Views */,
			);
			path = "UI elements";
			sourceTree = "<group>";
		};
		8869752421E9CACF00044EB8 /* Background Particles */ = {
			isa = PBXGroup;
			children = (
				8869752521E9CACF00044EB8 /* background.html */,
				8869752621E9CACF00044EB8 /* css */,
				8869752821E9CACF00044EB8 /* js */,
			);
			path = "Background Particles";
			sourceTree = "<group>";
		};
		8869752621E9CACF00044EB8 /* css */ = {
			isa = PBXGroup;
			children = (
				8869752721E9CACF00044EB8 /* style.css */,
			);
			path = css;
			sourceTree = "<group>";
		};
		8869752821E9CACF00044EB8 /* js */ = {
			isa = PBXGroup;
			children = (
				8869752921E9CACF00044EB8 /* index.js */,
				8869752A21E9CACF00044EB8 /* particles.min.js */,
			);
			path = js;
			sourceTree = "<group>";
		};
		8869752C21E9CACF00044EB8 /* SimpleWebView */ = {
			isa = PBXGroup;
			children = (
				8869752D21E9CACF00044EB8 /* SimpleWebView.storyboard */,
				8869752F21E9CACF00044EB8 /* SimpleWebView.swift */,
			);
			path = SimpleWebView;
			sourceTree = "<group>";
		};
		8869753121E9CACF00044EB8 /* Views */ = {
			isa = PBXGroup;
			children = (
				8869756421E9DE8500044EB8 /* CellStateRoundedView.swift */,
				8869753221E9CACF00044EB8 /* CustomLoadingView.swift */,
				8869753321E9CACF00044EB8 /* CustomTabBar.swift */,
				8869753421E9CACF00044EB8 /* CustomTabBarItem.swift */,
				8869753921E9CACF00044EB8 /* RichTextFieldView.swift */,
				8869753A21E9CACF00044EB8 /* RoundedButton.swift */,
				8869753B21E9CACF00044EB8 /* RoundedView.swift */,
				8869753C21E9CACF00044EB8 /* ToastAlertView */,
			);
			path = Views;
			sourceTree = "<group>";
		};
		8869753C21E9CACF00044EB8 /* ToastAlertView */ = {
			isa = PBXGroup;
			children = (
				8869753D21E9CACF00044EB8 /* ToastAlertView.swift */,
				8869753E21E9CACF00044EB8 /* ToastAlertView.xib */,
			);
			path = ToastAlertView;
			sourceTree = "<group>";
		};
		8869756A21E9F1C100044EB8 /* Templates */ = {
			isa = PBXGroup;
			children = (
				8869756021E9DD3900044EB8 /* Templates.storyboard */,
				8869756221E9DDE600044EB8 /* TemplateController.swift */,
				8869756B21E9F61F00044EB8 /* TemplateCollectController.swift */,
				8869756621E9E50100044EB8 /* Template1Cell.swift */,
				8869756821E9E5D600044EB8 /* Template1HeaderCell.swift */,
			);
			path = Templates;
			sourceTree = "<group>";
		};
		EE2D63E921EDC5850002D51D /* Nodes */ = {
			isa = PBXGroup;
			children = (
				8869756D21EA0DBB00044EB8 /* GaiaNodesController.swift */,
				8869756F21EA105300044EB8 /* GaiaNodeController.swift */,
				8869757121EA173000044EB8 /* GaiaNodeCell.swift */,
				8869757321EA1B7E00044EB8 /* GaiaNodeHeaderCell.swift */,
			);
			path = Nodes;
			sourceTree = "<group>";
		};
		EE2D63EA21EDC5900002D51D /* Keys */ = {
			isa = PBXGroup;
			children = (
				8867800C21E9C6A00022A09E /* GaiaKeysController.swift */,
				EE2D63DD21ECEF690002D51D /* GaiaKeyController.swift */,
				EE2D63EC21EDCFD30002D51D /* GaiaKeyCreateController.swift */,
				8869757621EB05B100044EB8 /* GaiaKeyCell.swift */,
				8869757821EB05C700044EB8 /* GaiaKeyHeaderCell.swift */,
			);
			path = Keys;
			sourceTree = "<group>";
		};
		EE2D63EB21EDC5A70002D51D /* Main App */ = {
			isa = PBXGroup;
			children = (
				EEAE3E6823A7824700A336FA /* GaiaConstants.swift */,
				EE2D63DF21ECF6AF0002D51D /* GaiaWalletController.swift */,
				8801CF792221921A004781C1 /* GaiaHistoryController.swift */,
				8801CF7B2221923D004781C1 /* GaiaHistoryCell.swift */,
				EE2D63E121ECF7760002D51D /* GaiaValidatorsController.swift */,
				8801CF7D222273D9004781C1 /* GaiaDelegationsController.swift */,
				EEE87A7521F8521B00CA9CDA /* GaiaValidatorCell.swift */,
				EE2D63E321ECF9440002D51D /* GaiaGovernanceController.swift */,
				EEBDFC2223801E0400079F38 /* GaiaOraclesController.swift */,
				88A3F252224D4C7600BAEEE8 /* GaiaVotesController.swift */,
				8801CF77221F22EF004781C1 /* GaiaProposalController.swift */,
				EEE87A7721F860BD00CA9CDA /* GaiaGovernanceCell.swift */,
				EE2D63E521ECFA730002D51D /* GaiaSettingsController.swift */,
			);
			path = "Main App";
			sourceTree = "<group>";
		};
		EEAFBF5A21F4678D001B01EA /* Wallets */ = {
			isa = PBXGroup;
			children = (
				EEAFBF5B21F4678D001B01EA /* Storyboard */,
				EEAFBF5E21F4678D001B01EA /* Controllers */,
			);
			path = Wallets;
			sourceTree = "<group>";
		};
		EEAFBF5B21F4678D001B01EA /* Storyboard */ = {
			isa = PBXGroup;
			children = (
				EEAFBF5C21F4678D001B01EA /* Addressbook.storyboard */,
			);
			path = Storyboard;
			sourceTree = "<group>";
		};
		EEAFBF5E21F4678D001B01EA /* Controllers */ = {
			isa = PBXGroup;
			children = (
				EEAFBF5F21F4678D001B01EA /* AddressController.swift */,
				EEAFBF6021F4678D001B01EA /* AddressesListController.swift */,
			);
			path = Controllers;
			sourceTree = "<group>";
		};
/* End PBXGroup section */

/* Begin PBXNativeTarget section */
		88677FF621E9C54A0022A09E /* Syncnode */ = {
			isa = PBXNativeTarget;
			buildConfigurationList = 8867800921E9C54D0022A09E /* Build configuration list for PBXNativeTarget "Syncnode" */;
			buildPhases = (
				88677FF321E9C54A0022A09E /* Sources */,
				88677FF421E9C54A0022A09E /* Frameworks */,
				88677FF521E9C54A0022A09E /* Resources */,
				8869755921E9CBE300044EB8 /* Embed Frameworks */,
			);
			buildRules = (
			);
			dependencies = (
			);
			name = Syncnode;
			productName = "Cosmos Client";
			productReference = 88677FF721E9C54A0022A09E /* T-Stake.app */;
			productType = "com.apple.product-type.application";
		};
/* End PBXNativeTarget section */

/* Begin PBXProject section */
		88677FEF21E9C54A0022A09E /* Project object */ = {
			isa = PBXProject;
			attributes = {
				LastSwiftUpdateCheck = 1010;
				LastUpgradeCheck = 1010;
				ORGANIZATIONNAME = "Calin Chitu";
				TargetAttributes = {
					88677FF621E9C54A0022A09E = {
						CreatedOnToolsVersion = 10.1;
						LastSwiftMigration = 1020;
						SystemCapabilities = {
							com.apple.Keychain = {
								enabled = 1;
							};
							com.apple.iCloud = {
								enabled = 1;
							};
						};
					};
				};
			};
			buildConfigurationList = 88677FF221E9C54A0022A09E /* Build configuration list for PBXProject "Cosmos Client" */;
			compatibilityVersion = "Xcode 9.3";
			developmentRegion = en;
			hasScannedForEncodings = 0;
			knownRegions = (
				en,
				Base,
			);
			mainGroup = 88677FEE21E9C54A0022A09E;
			productRefGroup = 88677FF821E9C54A0022A09E /* Products */;
			projectDirPath = "";
			projectRoot = "";
			targets = (
				88677FF621E9C54A0022A09E /* Syncnode */,
			);
		};
/* End PBXProject section */

/* Begin PBXResourcesBuildPhase section */
		88677FF521E9C54A0022A09E /* Resources */ = {
			isa = PBXResourcesBuildPhase;
			buildActionMask = 2147483647;
			files = (
				8867800521E9C54D0022A09E /* LaunchScreen.storyboard in Resources */,
				8867800221E9C54D0022A09E /* Assets.xcassets in Resources */,
				8869754421E9CAD000044EB8 /* SimpleWebView.storyboard in Resources */,
				8869754621E9CAD000044EB8 /* SimpleWebView.storyboard in Resources */,
				8869754221E9CAD000044EB8 /* particles.min.js in Resources */,
				8869754021E9CAD000044EB8 /* style.css in Resources */,
				8869754121E9CAD000044EB8 /* index.js in Resources */,
				8869755121E9CAD000044EB8 /* ToastAlertView.xib in Resources */,
				8869753F21E9CAD000044EB8 /* background.html in Resources */,
				EEAFBF6221F4678D001B01EA /* Addressbook.storyboard in Resources */,
				8867800021E9C54A0022A09E /* Main.storyboard in Resources */,
				EEAE3E6B23AA8DEA00A336FA /* Onboarding.storyboard in Resources */,
				8869756121E9DD3900044EB8 /* Templates.storyboard in Resources */,
			);
			runOnlyForDeploymentPostprocessing = 0;
		};
/* End PBXResourcesBuildPhase section */

/* Begin PBXSourcesBuildPhase section */
		88677FF321E9C54A0022A09E /* Sources */ = {
			isa = PBXSourcesBuildPhase;
			buildActionMask = 2147483647;
			files = (
				EE2D63E621ECFA730002D51D /* GaiaSettingsController.swift in Sources */,
				EEE87A7821F860BD00CA9CDA /* GaiaGovernanceCell.swift in Sources */,
				EE2D63E221ECF7770002D51D /* GaiaValidatorsController.swift in Sources */,
				8801CF7C2221923D004781C1 /* GaiaHistoryCell.swift in Sources */,
				8869755521E9CBAE00044EB8 /* UIView+extensions.swift in Sources */,
				8867800D21E9C6A00022A09E /* GaiaKeysController.swift in Sources */,
				8869757421EA1B7E00044EB8 /* GaiaNodeHeaderCell.swift in Sources */,
				8801CF78221F22EF004781C1 /* GaiaProposalController.swift in Sources */,
				8869754521E9CAD000044EB8 /* SimpleWebView.swift in Sources */,
				EEAFBF6321F4678D001B01EA /* AddressController.swift in Sources */,
				8869756321E9DDE600044EB8 /* TemplateController.swift in Sources */,
				88A8B7E722464236004F0B82 /* LocalClient.swift in Sources */,
				8869754921E9CAD000044EB8 /* CustomTabBarItem.swift in Sources */,
				8869757921EB05C700044EB8 /* GaiaKeyHeaderCell.swift in Sources */,
				8869754321E9CAD000044EB8 /* CenteringFlowLayout.swift in Sources */,
				8869754721E9CAD000044EB8 /* CustomLoadingView.swift in Sources */,
				EEE87A7621F8521B00CA9CDA /* GaiaValidatorCell.swift in Sources */,
				8869757721EB05B100044EB8 /* GaiaKeyCell.swift in Sources */,
				8801CF7A2221921A004781C1 /* GaiaHistoryController.swift in Sources */,
				8869757021EA105300044EB8 /* GaiaNodeController.swift in Sources */,
				8869754F21E9CAD000044EB8 /* RoundedView.swift in Sources */,
				EE2D63ED21EDCFD30002D51D /* GaiaKeyCreateController.swift in Sources */,
				EE2D643C21F306800002D51D /* UIImage+Extensions.swift in Sources */,
				EE2D63E021ECF6AF0002D51D /* GaiaWalletController.swift in Sources */,
				8801CF7E222273D9004781C1 /* GaiaDelegationsController.swift in Sources */,
				8869756C21E9F61F00044EB8 /* TemplateCollectController.swift in Sources */,
				8869756521E9DE8500044EB8 /* CellStateRoundedView.swift in Sources */,
				8869755321E9CB6700044EB8 /* UIColor+extensions.swift in Sources */,
				8869754E21E9CAD000044EB8 /* RoundedButton.swift in Sources */,
				EE2D63DE21ECEF690002D51D /* GaiaKeyController.swift in Sources */,
				EE2D63E421ECF9440002D51D /* GaiaGovernanceController.swift in Sources */,
				8869756E21EA0DBB00044EB8 /* GaiaNodesController.swift in Sources */,
				88A3F253224D4C7600BAEEE8 /* GaiaVotesController.swift in Sources */,
				8869756721E9E50100044EB8 /* Template1Cell.swift in Sources */,
				EEBDFC2323801E0400079F38 /* GaiaOraclesController.swift in Sources */,
				8869754D21E9CAD000044EB8 /* RichTextFieldView.swift in Sources */,
				8869755021E9CAD000044EB8 /* ToastAlertView.swift in Sources */,
				8869756921E9E5D600044EB8 /* Template1HeaderCell.swift in Sources */,
				EE2D63E821EDAB270002D51D /* UViewController+extensions.swift in Sources */,
				EEAFBF6421F4678D001B01EA /* AddressesListController.swift in Sources */,
				8869757221EA173000044EB8 /* GaiaNodeCell.swift in Sources */,
				EEAE3E6923A7824700A336FA /* GaiaConstants.swift in Sources */,
				8869754821E9CAD000044EB8 /* CustomTabBar.swift in Sources */,
				88677FFB21E9C54A0022A09E /* AppDelegate.swift in Sources */,
			);
			runOnlyForDeploymentPostprocessing = 0;
		};
/* End PBXSourcesBuildPhase section */

/* Begin PBXVariantGroup section */
		88677FFE21E9C54A0022A09E /* Main.storyboard */ = {
			isa = PBXVariantGroup;
			children = (
				88677FFF21E9C54A0022A09E /* Base */,
			);
			name = Main.storyboard;
			sourceTree = "<group>";
		};
		8867800321E9C54D0022A09E /* LaunchScreen.storyboard */ = {
			isa = PBXVariantGroup;
			children = (
				8867800421E9C54D0022A09E /* Base */,
			);
			name = LaunchScreen.storyboard;
			sourceTree = "<group>";
		};
		8869752D21E9CACF00044EB8 /* SimpleWebView.storyboard */ = {
			isa = PBXVariantGroup;
			children = (
				8869752E21E9CACF00044EB8 /* Base */,
			);
			name = SimpleWebView.storyboard;
			sourceTree = "<group>";
		};
		EEAFBF5C21F4678D001B01EA /* Addressbook.storyboard */ = {
			isa = PBXVariantGroup;
			children = (
				EEAFBF5D21F4678D001B01EA /* Base */,
			);
			name = Addressbook.storyboard;
			sourceTree = "<group>";
		};
/* End PBXVariantGroup section */

/* Begin XCBuildConfiguration section */
		8867800721E9C54D0022A09E /* Debug */ = {
			isa = XCBuildConfiguration;
			buildSettings = {
				ALWAYS_SEARCH_USER_PATHS = NO;
				CLANG_ANALYZER_NONNULL = YES;
				CLANG_ANALYZER_NUMBER_OBJECT_CONVERSION = YES_AGGRESSIVE;
				CLANG_CXX_LANGUAGE_STANDARD = "gnu++14";
				CLANG_CXX_LIBRARY = "libc++";
				CLANG_ENABLE_MODULES = YES;
				CLANG_ENABLE_OBJC_ARC = YES;
				CLANG_ENABLE_OBJC_WEAK = YES;
				CLANG_WARN_BLOCK_CAPTURE_AUTORELEASING = YES;
				CLANG_WARN_BOOL_CONVERSION = YES;
				CLANG_WARN_COMMA = YES;
				CLANG_WARN_CONSTANT_CONVERSION = YES;
				CLANG_WARN_DEPRECATED_OBJC_IMPLEMENTATIONS = YES;
				CLANG_WARN_DIRECT_OBJC_ISA_USAGE = YES_ERROR;
				CLANG_WARN_DOCUMENTATION_COMMENTS = YES;
				CLANG_WARN_EMPTY_BODY = YES;
				CLANG_WARN_ENUM_CONVERSION = YES;
				CLANG_WARN_INFINITE_RECURSION = YES;
				CLANG_WARN_INT_CONVERSION = YES;
				CLANG_WARN_NON_LITERAL_NULL_CONVERSION = YES;
				CLANG_WARN_OBJC_IMPLICIT_RETAIN_SELF = YES;
				CLANG_WARN_OBJC_LITERAL_CONVERSION = YES;
				CLANG_WARN_OBJC_ROOT_CLASS = YES_ERROR;
				CLANG_WARN_RANGE_LOOP_ANALYSIS = YES;
				CLANG_WARN_STRICT_PROTOTYPES = YES;
				CLANG_WARN_SUSPICIOUS_MOVE = YES;
				CLANG_WARN_UNGUARDED_AVAILABILITY = YES_AGGRESSIVE;
				CLANG_WARN_UNREACHABLE_CODE = YES;
				CLANG_WARN__DUPLICATE_METHOD_MATCH = YES;
				CODE_SIGN_IDENTITY = "iPhone Developer";
				COPY_PHASE_STRIP = NO;
				DEBUG_INFORMATION_FORMAT = dwarf;
				ENABLE_STRICT_OBJC_MSGSEND = YES;
				ENABLE_TESTABILITY = YES;
				GCC_C_LANGUAGE_STANDARD = gnu11;
				GCC_DYNAMIC_NO_PIC = NO;
				GCC_NO_COMMON_BLOCKS = YES;
				GCC_OPTIMIZATION_LEVEL = 0;
				GCC_PREPROCESSOR_DEFINITIONS = (
					"DEBUG=1",
					"$(inherited)",
				);
				GCC_WARN_64_TO_32_BIT_CONVERSION = YES;
				GCC_WARN_ABOUT_RETURN_TYPE = YES_ERROR;
				GCC_WARN_UNDECLARED_SELECTOR = YES;
				GCC_WARN_UNINITIALIZED_AUTOS = YES_AGGRESSIVE;
				GCC_WARN_UNUSED_FUNCTION = YES;
				GCC_WARN_UNUSED_VARIABLE = YES;
				IPHONEOS_DEPLOYMENT_TARGET = 13.0;
				MTL_ENABLE_DEBUG_INFO = INCLUDE_SOURCE;
				MTL_FAST_MATH = YES;
				ONLY_ACTIVE_ARCH = YES;
				SDKROOT = iphoneos;
				SWIFT_ACTIVE_COMPILATION_CONDITIONS = DEBUG;
				SWIFT_OPTIMIZATION_LEVEL = "-Onone";
			};
			name = Debug;
		};
		8867800821E9C54D0022A09E /* Release */ = {
			isa = XCBuildConfiguration;
			buildSettings = {
				ALWAYS_SEARCH_USER_PATHS = NO;
				CLANG_ANALYZER_NONNULL = YES;
				CLANG_ANALYZER_NUMBER_OBJECT_CONVERSION = YES_AGGRESSIVE;
				CLANG_CXX_LANGUAGE_STANDARD = "gnu++14";
				CLANG_CXX_LIBRARY = "libc++";
				CLANG_ENABLE_MODULES = YES;
				CLANG_ENABLE_OBJC_ARC = YES;
				CLANG_ENABLE_OBJC_WEAK = YES;
				CLANG_WARN_BLOCK_CAPTURE_AUTORELEASING = YES;
				CLANG_WARN_BOOL_CONVERSION = YES;
				CLANG_WARN_COMMA = YES;
				CLANG_WARN_CONSTANT_CONVERSION = YES;
				CLANG_WARN_DEPRECATED_OBJC_IMPLEMENTATIONS = YES;
				CLANG_WARN_DIRECT_OBJC_ISA_USAGE = YES_ERROR;
				CLANG_WARN_DOCUMENTATION_COMMENTS = YES;
				CLANG_WARN_EMPTY_BODY = YES;
				CLANG_WARN_ENUM_CONVERSION = YES;
				CLANG_WARN_INFINITE_RECURSION = YES;
				CLANG_WARN_INT_CONVERSION = YES;
				CLANG_WARN_NON_LITERAL_NULL_CONVERSION = YES;
				CLANG_WARN_OBJC_IMPLICIT_RETAIN_SELF = YES;
				CLANG_WARN_OBJC_LITERAL_CONVERSION = YES;
				CLANG_WARN_OBJC_ROOT_CLASS = YES_ERROR;
				CLANG_WARN_RANGE_LOOP_ANALYSIS = YES;
				CLANG_WARN_STRICT_PROTOTYPES = YES;
				CLANG_WARN_SUSPICIOUS_MOVE = YES;
				CLANG_WARN_UNGUARDED_AVAILABILITY = YES_AGGRESSIVE;
				CLANG_WARN_UNREACHABLE_CODE = YES;
				CLANG_WARN__DUPLICATE_METHOD_MATCH = YES;
				CODE_SIGN_IDENTITY = "iPhone Developer";
				COPY_PHASE_STRIP = NO;
				DEBUG_INFORMATION_FORMAT = "dwarf-with-dsym";
				ENABLE_NS_ASSERTIONS = NO;
				ENABLE_STRICT_OBJC_MSGSEND = YES;
				GCC_C_LANGUAGE_STANDARD = gnu11;
				GCC_NO_COMMON_BLOCKS = YES;
				GCC_WARN_64_TO_32_BIT_CONVERSION = YES;
				GCC_WARN_ABOUT_RETURN_TYPE = YES_ERROR;
				GCC_WARN_UNDECLARED_SELECTOR = YES;
				GCC_WARN_UNINITIALIZED_AUTOS = YES_AGGRESSIVE;
				GCC_WARN_UNUSED_FUNCTION = YES;
				GCC_WARN_UNUSED_VARIABLE = YES;
				IPHONEOS_DEPLOYMENT_TARGET = 13.0;
				MTL_ENABLE_DEBUG_INFO = NO;
				MTL_FAST_MATH = YES;
				SDKROOT = iphoneos;
				SWIFT_COMPILATION_MODE = wholemodule;
				SWIFT_OPTIMIZATION_LEVEL = "-O";
				VALIDATE_PRODUCT = YES;
			};
			name = Release;
		};
		8867800A21E9C54D0022A09E /* Debug */ = {
			isa = XCBuildConfiguration;
			buildSettings = {
				ASSETCATALOG_COMPILER_APPICON_NAME = AppIcon;
				CODE_SIGN_ENTITLEMENTS = "Cosmos Client/Cosmos Client.entitlements";
				CODE_SIGN_STYLE = Automatic;
				CURRENT_PROJECT_VERSION = 12;
				DEVELOPMENT_TEAM = SKYG56VM4S;
				INFOPLIST_FILE = "Cosmos Client/Info.plist";
				LD_RUNPATH_SEARCH_PATHS = (
					"$(inherited)",
					"@executable_path/Frameworks",
				);
				PRODUCT_BUNDLE_IDENTIFIER = "ro.syncnode.tendermint-tools";
				PRODUCT_NAME = "T-Stake";
				SWIFT_VERSION = 5.0;
				TARGETED_DEVICE_FAMILY = 1;
			};
			name = Debug;
		};
		8867800B21E9C54D0022A09E /* Release */ = {
			isa = XCBuildConfiguration;
			buildSettings = {
				ASSETCATALOG_COMPILER_APPICON_NAME = AppIcon;
				CODE_SIGN_ENTITLEMENTS = "Cosmos Client/Cosmos Client.entitlements";
				CODE_SIGN_STYLE = Automatic;
				CURRENT_PROJECT_VERSION = 12;
				DEVELOPMENT_TEAM = SKYG56VM4S;
				INFOPLIST_FILE = "Cosmos Client/Info.plist";
				LD_RUNPATH_SEARCH_PATHS = (
					"$(inherited)",
					"@executable_path/Frameworks",
				);
				PRODUCT_BUNDLE_IDENTIFIER = "ro.syncnode.tendermint-tools";
				PRODUCT_NAME = "T-Stake";
				SWIFT_VERSION = 5.0;
				TARGETED_DEVICE_FAMILY = 1;
			};
			name = Release;
		};
/* End XCBuildConfiguration section */

/* Begin XCConfigurationList section */
		88677FF221E9C54A0022A09E /* Build configuration list for PBXProject "Cosmos Client" */ = {
			isa = XCConfigurationList;
			buildConfigurations = (
				8867800721E9C54D0022A09E /* Debug */,
				8867800821E9C54D0022A09E /* Release */,
			);
			defaultConfigurationIsVisible = 0;
			defaultConfigurationName = Release;
		};
		8867800921E9C54D0022A09E /* Build configuration list for PBXNativeTarget "Syncnode" */ = {
			isa = XCConfigurationList;
			buildConfigurations = (
				8867800A21E9C54D0022A09E /* Debug */,
				8867800B21E9C54D0022A09E /* Release */,
			);
			defaultConfigurationIsVisible = 0;
			defaultConfigurationName = Release;
		};
/* End XCConfigurationList section */
	};
	rootObject = 88677FEF21E9C54A0022A09E /* Project object */;
}
